
Microsoft Visual Studio Solution File, Format Version 12.00
# Visual Studio 15
VisualStudioVersion = 15.0.28307.645
MinimumVisualStudioVersion = 10.0.40219.1
Project("{FAE04EC0-301F-11D3-BF4B-00C04F79EFBC}") = "BattleX2019-MultiplayerGame", "BattleX2019-MultiplayerGame\BattleX2019-MultiplayerGame.csproj", "{39ED2899-D695-4517-A518-1BBB2C1E39DC}"
EndProject
Global
	GlobalSection(SolutionConfigurationPlatforms) = preSolution
		Debug|Any CPU = Debug|Any CPU
		Release|Any CPU = Release|Any CPU
	EndGlobalSection
	GlobalSection(ProjectConfigurationPlatforms) = postSolution
		{39ED2899-D695-4517-A518-1BBB2C1E39DC}.Debug|Any CPU.ActiveCfg = Debug|Any CPU
		{39ED2899-D695-4517-A518-1BBB2C1E39DC}.Debug|Any CPU.Build.0 = Debug|Any CPU
		{39ED2899-D695-4517-A518-1BBB2C1E39DC}.Release|Any CPU.ActiveCfg = Release|Any CPU
		{39ED2899-D695-4517-A518-1BBB2C1E39DC}.Release|Any CPU.Build.0 = Release|Any CPU
	EndGlobalSection
	GlobalSection(SolutionProperties) = preSolution
		HideSolutionNode = FALSE
	EndGlobalSection
	GlobalSection(ExtensibilityGlobals) = postSolution
		SolutionGuid = {E0E03D39-75D1-4FB6-9EFE-59F999B55E13}
	EndGlobalSection
EndGlobal
